
Microsoft Visual Studio Solution File, Format Version 12.00
# Visual Studio 15
VisualStudioVersion = 15.0.27004.2002
MinimumVisualStudioVersion = 10.0.40219.1
Project("{FAE04EC0-301F-11D3-BF4B-00C04F79EFBC}") = "PassengerStation", "PassengerStation\PassengerStation.csproj", "{784E7F08-7AD6-4334-A145-6CCBCD0CC72C}"
EndProject
Global
	GlobalSection(SolutionConfigurationPlatforms) = preSolution
		Debug|Any CPU = Debug|Any CPU
		Release|Any CPU = Release|Any CPU
	EndGlobalSection
	GlobalSection(ProjectConfigurationPlatforms) = postSolution
		{784E7F08-7AD6-4334-A145-6CCBCD0CC72C}.Debug|Any CPU.ActiveCfg = Debug|Any CPU
		{784E7F08-7AD6-4334-A145-6CCBCD0CC72C}.Debug|Any CPU.Build.0 = Debug|Any CPU
		{784E7F08-7AD6-4334-A145-6CCBCD0CC72C}.Release|Any CPU.ActiveCfg = Release|Any CPU
		{784E7F08-7AD6-4334-A145-6CCBCD0CC72C}.Release|Any CPU.Build.0 = Release|Any CPU
	EndGlobalSection
	GlobalSection(SolutionProperties) = preSolution
		HideSolutionNode = FALSE
	EndGlobalSection
	GlobalSection(ExtensibilityGlobals) = postSolution
		SolutionGuid = {B9D40014-718D-497F-AFD9-5F153A469A61}
	EndGlobalSection
EndGlobal
